
Microsoft Visual Studio Solution File, Format Version 12.00
Project("{FAE04EC0-301F-11D3-BF4B-00C04F79EFBC}") = "Elasticsearch.IntegrationTests", "tests\Elasticsearch.IntegrationTests\Elasticsearch.IntegrationTests.csproj", "{95DE9E2F-B681-46A3-A729-E9F15A05C952}"
EndProject
Project("{2150E333-8FDC-42A3-9474-1A3956D46DE8}") = "tests", "tests", "{01B0EE79-3034-4B30-B6DA-8A29F1D7BFB4}"
EndProject
Project("{2150E333-8FDC-42A3-9474-1A3956D46DE8}") = "Solution Items", "Solution Items", "{3F095C83-FD97-441E-9DBC-285F1218F71F}"
	ProjectSection(SolutionItems) = preProject
		Makefile = Makefile
		.gitignore = .gitignore
		docker-compose.yml = docker-compose.yml
		.env.example = .env.example
		docker-compose.tools.yml = docker-compose.tools.yml
	EndProjectSection
EndProject
Project("{2150E333-8FDC-42A3-9474-1A3956D46DE8}") = "src", "src", "{2D38FFA3-C5C6-4A56-A588-E00F6BA5B6CA}"
EndProject
Project("{FAE04EC0-301F-11D3-BF4B-00C04F79EFBC}") = "Elasticsearch.Api", "src\Elasticsearch.Api\Elasticsearch.Api.csproj", "{46309EC2-E3D9-43EB-973E-6AA5B3876140}"
EndProject
Global
	GlobalSection(SolutionConfigurationPlatforms) = preSolution
		Debug|Any CPU = Debug|Any CPU
		Release|Any CPU = Release|Any CPU
	EndGlobalSection
	GlobalSection(ProjectConfigurationPlatforms) = postSolution
		{95DE9E2F-B681-46A3-A729-E9F15A05C952}.Debug|Any CPU.ActiveCfg = Debug|Any CPU
		{95DE9E2F-B681-46A3-A729-E9F15A05C952}.Debug|Any CPU.Build.0 = Debug|Any CPU
		{95DE9E2F-B681-46A3-A729-E9F15A05C952}.Release|Any CPU.ActiveCfg = Release|Any CPU
		{95DE9E2F-B681-46A3-A729-E9F15A05C952}.Release|Any CPU.Build.0 = Release|Any CPU
		{46309EC2-E3D9-43EB-973E-6AA5B3876140}.Debug|Any CPU.ActiveCfg = Debug|Any CPU
		{46309EC2-E3D9-43EB-973E-6AA5B3876140}.Debug|Any CPU.Build.0 = Debug|Any CPU
		{46309EC2-E3D9-43EB-973E-6AA5B3876140}.Release|Any CPU.ActiveCfg = Release|Any CPU
		{46309EC2-E3D9-43EB-973E-6AA5B3876140}.Release|Any CPU.Build.0 = Release|Any CPU
	EndGlobalSection
	GlobalSection(NestedProjects) = preSolution
		{95DE9E2F-B681-46A3-A729-E9F15A05C952} = {01B0EE79-3034-4B30-B6DA-8A29F1D7BFB4}
		{46309EC2-E3D9-43EB-973E-6AA5B3876140} = {2D38FFA3-C5C6-4A56-A588-E00F6BA5B6CA}
	EndGlobalSection
EndGlobal
